{
  "originHash" : "d8dffd24fd7c8bcf3e0c32fa669bf7023b7e94dd23e2242e5b22500777332264",
  "pins" : [
    {
      "identity" : "ffmpegbuild",
      "kind" : "remoteSourceControl",
      "location" : "https://github.com/superuser404notfound/FFmpegBuild",
      "state" : {
        "branch" : "main",
        "revision" : "75600a51a02d122a89aea612809dcbdadb6d16cf"
      }
    }
  ],
  "version" : 3
}
